
Microsoft Visual Studio Solution File, Format Version 12.00
# Visual Studio Version 17
VisualStudioVersion = 17.2.32630.192
MinimumVisualStudioVersion = 10.0.40219.1
Project("{FAE04EC0-301F-11D3-BF4B-00C04F79EFBC}") = "APItest2", "APItest2.csproj", "{04E6C65F-88C2-4814-B171-D47D9DEE81E6}"
EndProject
Global
	GlobalSection(SolutionConfigurationPlatforms) = preSolution
		Debug|Any CPU = Debug|Any CPU
		Release|Any CPU = Release|Any CPU
	EndGlobalSection
	GlobalSection(ProjectConfigurationPlatforms) = postSolution
		{04E6C65F-88C2-4814-B171-D47D9DEE81E6}.Debug|Any CPU.ActiveCfg = Debug|Any CPU
		{04E6C65F-88C2-4814-B171-D47D9DEE81E6}.Debug|Any CPU.Build.0 = Debug|Any CPU
		{04E6C65F-88C2-4814-B171-D47D9DEE81E6}.Release|Any CPU.ActiveCfg = Release|Any CPU
		{04E6C65F-88C2-4814-B171-D47D9DEE81E6}.Release|Any CPU.Build.0 = Release|Any CPU
	EndGlobalSection
	GlobalSection(SolutionProperties) = preSolution
		HideSolutionNode = FALSE
	EndGlobalSection
	GlobalSection(ExtensibilityGlobals) = postSolution
		SolutionGuid = {F7F95047-9CB0-4D9E-8CC9-47EB5D7606E6}
	EndGlobalSection
EndGlobal
